<?xml version="1.0" encoding="utf-8"?>
<Project ToolsVersion="17.0" xmlns="http://schemas.microsoft.com/developer/msbuild/2003">
  <ItemGroup>
    <ClCompile Include="C:\Users\niels\Documents\Elektrotechniek\Jaar 3\dspl\software\opdracht4\Basis\applikatie4.cpp">
      <Filter>Source Files</Filter>
    </ClCompile>
  </ItemGroup>
  <ItemGroup>
    <CustomBuild Include="C:\Users\niels\Documents\Elektrotechniek\Jaar 3\dspl\software\opdracht4\Basis\CMakeLists.txt" />
  </ItemGroup>
  <ItemGroup>
    <Filter Include="Source Files">
      <UniqueIdentifier>{9F4E69E0-4FB4-36FC-A851-348E116AE14D}</UniqueIdentifier>
    </Filter>
  </ItemGroup>
</Project>
