<?xml version="1.0" encoding="utf-8"?>
<Project ToolsVersion="17.0" xmlns="http://schemas.microsoft.com/developer/msbuild/2003">
  <ItemGroup>
    <ClCompile Include="C:\Users\niels\Documents\Elektrotechniek\Jaar 3\dspl\software\opdracht4\STUDENT\ontwerper\filterDesigner.cpp">
      <Filter>Source Files</Filter>
    </ClCompile>
    <ClCompile Include="C:\Users\niels\Documents\Elektrotechniek\Jaar 3\dspl\software\opdracht4\STUDENT\ontwerper\filterDesignerBasis.cpp">
      <Filter>Source Files</Filter>
    </ClCompile>
  </ItemGroup>
  <ItemGroup>
    <CustomBuild Include="C:\Users\niels\Documents\Elektrotechniek\Jaar 3\dspl\software\opdracht4\STUDENT\ontwerper\CMakeLists.txt" />
  </ItemGroup>
  <ItemGroup>
    <ResourceCompile Include="C:\Users\niels\Documents\Elektrotechniek\Jaar 3\dspl\software\opdracht4\platforms\windows\DSPESEL4.rc">
      <Filter>Source Files</Filter>
    </ResourceCompile>
  </ItemGroup>
  <ItemGroup>
    <Filter Include="Source Files">
      <UniqueIdentifier>{9F4E69E0-4FB4-36FC-A851-348E116AE14D}</UniqueIdentifier>
    </Filter>
  </ItemGroup>
</Project>
