
Microsoft Visual Studio Solution File, Format Version 12.00
# Visual Studio Version 17
Project("{8BC9CEB8-8B4A-11D0-8D11-00A0C91BC942}") = "ALL_BUILD", "ALL_BUILD.vcxproj", "{81EFA0C3-80EC-3694-8EEA-73496820B147}"
	ProjectSection(ProjectDependencies) = postProject
		{68615734-E20E-30DB-954B-F0B8378180D8} = {68615734-E20E-30DB-954B-F0B8378180D8}
		{109B0275-A404-3858-800B-34724F0D7DC5} = {109B0275-A404-3858-800B-34724F0D7DC5}
		{EC4269F4-DE03-3DE2-B60F-4C69D872E7F7} = {EC4269F4-DE03-3DE2-B60F-4C69D872E7F7}
		{F4FF059A-AB84-3654-93FE-AEDB4603B928} = {F4FF059A-AB84-3654-93FE-AEDB4603B928}
	EndProjectSection
EndProject
Project("{8BC9CEB8-8B4A-11D0-8D11-00A0C91BC942}") = "ApplikatieLib", "Basis\ApplikatieLib.vcxproj", "{68615734-E20E-30DB-954B-F0B8378180D8}"
	ProjectSection(ProjectDependencies) = postProject
		{EC4269F4-DE03-3DE2-B60F-4C69D872E7F7} = {EC4269F4-DE03-3DE2-B60F-4C69D872E7F7}
	EndProjectSection
EndProject
Project("{8BC9CEB8-8B4A-11D0-8D11-00A0C91BC942}") = "DSPESEL1", "DSPESEL1.vcxproj", "{109B0275-A404-3858-800B-34724F0D7DC5}"
	ProjectSection(ProjectDependencies) = postProject
		{68615734-E20E-30DB-954B-F0B8378180D8} = {68615734-E20E-30DB-954B-F0B8378180D8}
		{EC4269F4-DE03-3DE2-B60F-4C69D872E7F7} = {EC4269F4-DE03-3DE2-B60F-4C69D872E7F7}
		{F4FF059A-AB84-3654-93FE-AEDB4603B928} = {F4FF059A-AB84-3654-93FE-AEDB4603B928}
	EndProjectSection
EndProject
Project("{8BC9CEB8-8B4A-11D0-8D11-00A0C91BC942}") = "ZERO_CHECK", "ZERO_CHECK.vcxproj", "{EC4269F4-DE03-3DE2-B60F-4C69D872E7F7}"
	ProjectSection(ProjectDependencies) = postProject
	EndProjectSection
EndProject
Project("{8BC9CEB8-8B4A-11D0-8D11-00A0C91BC942}") = "wxBasis", "wxBasis\wxBasis.vcxproj", "{F4FF059A-AB84-3654-93FE-AEDB4603B928}"
	ProjectSection(ProjectDependencies) = postProject
		{EC4269F4-DE03-3DE2-B60F-4C69D872E7F7} = {EC4269F4-DE03-3DE2-B60F-4C69D872E7F7}
	EndProjectSection
EndProject
Global
	GlobalSection(SolutionConfigurationPlatforms) = preSolution
		Debug|x64 = Debug|x64
		Release|x64 = Release|x64
		MinSizeRel|x64 = MinSizeRel|x64
		RelWithDebInfo|x64 = RelWithDebInfo|x64
	EndGlobalSection
	GlobalSection(ProjectConfigurationPlatforms) = postSolution
		{81EFA0C3-80EC-3694-8EEA-73496820B147}.Debug|x64.ActiveCfg = Debug|x64
		{81EFA0C3-80EC-3694-8EEA-73496820B147}.Release|x64.ActiveCfg = Release|x64
		{81EFA0C3-80EC-3694-8EEA-73496820B147}.MinSizeRel|x64.ActiveCfg = MinSizeRel|x64
		{81EFA0C3-80EC-3694-8EEA-73496820B147}.RelWithDebInfo|x64.ActiveCfg = RelWithDebInfo|x64
		{68615734-E20E-30DB-954B-F0B8378180D8}.Debug|x64.ActiveCfg = Debug|x64
		{68615734-E20E-30DB-954B-F0B8378180D8}.Debug|x64.Build.0 = Debug|x64
		{68615734-E20E-30DB-954B-F0B8378180D8}.Release|x64.ActiveCfg = Release|x64
		{68615734-E20E-30DB-954B-F0B8378180D8}.Release|x64.Build.0 = Release|x64
		{68615734-E20E-30DB-954B-F0B8378180D8}.MinSizeRel|x64.ActiveCfg = MinSizeRel|x64
		{68615734-E20E-30DB-954B-F0B8378180D8}.MinSizeRel|x64.Build.0 = MinSizeRel|x64
		{68615734-E20E-30DB-954B-F0B8378180D8}.RelWithDebInfo|x64.ActiveCfg = RelWithDebInfo|x64
		{68615734-E20E-30DB-954B-F0B8378180D8}.RelWithDebInfo|x64.Build.0 = RelWithDebInfo|x64
		{109B0275-A404-3858-800B-34724F0D7DC5}.Debug|x64.ActiveCfg = Debug|x64
		{109B0275-A404-3858-800B-34724F0D7DC5}.Debug|x64.Build.0 = Debug|x64
		{109B0275-A404-3858-800B-34724F0D7DC5}.Release|x64.ActiveCfg = Release|x64
		{109B0275-A404-3858-800B-34724F0D7DC5}.Release|x64.Build.0 = Release|x64
		{109B0275-A404-3858-800B-34724F0D7DC5}.MinSizeRel|x64.ActiveCfg = MinSizeRel|x64
		{109B0275-A404-3858-800B-34724F0D7DC5}.MinSizeRel|x64.Build.0 = MinSizeRel|x64
		{109B0275-A404-3858-800B-34724F0D7DC5}.RelWithDebInfo|x64.ActiveCfg = RelWithDebInfo|x64
		{109B0275-A404-3858-800B-34724F0D7DC5}.RelWithDebInfo|x64.Build.0 = RelWithDebInfo|x64
		{EC4269F4-DE03-3DE2-B60F-4C69D872E7F7}.Debug|x64.ActiveCfg = Debug|x64
		{EC4269F4-DE03-3DE2-B60F-4C69D872E7F7}.Debug|x64.Build.0 = Debug|x64
		{EC4269F4-DE03-3DE2-B60F-4C69D872E7F7}.Release|x64.ActiveCfg = Release|x64
		{EC4269F4-DE03-3DE2-B60F-4C69D872E7F7}.Release|x64.Build.0 = Release|x64
		{EC4269F4-DE03-3DE2-B60F-4C69D872E7F7}.MinSizeRel|x64.ActiveCfg = MinSizeRel|x64
		{EC4269F4-DE03-3DE2-B60F-4C69D872E7F7}.MinSizeRel|x64.Build.0 = MinSizeRel|x64
		{EC4269F4-DE03-3DE2-B60F-4C69D872E7F7}.RelWithDebInfo|x64.ActiveCfg = RelWithDebInfo|x64
		{EC4269F4-DE03-3DE2-B60F-4C69D872E7F7}.RelWithDebInfo|x64.Build.0 = RelWithDebInfo|x64
		{F4FF059A-AB84-3654-93FE-AEDB4603B928}.Debug|x64.ActiveCfg = Debug|x64
		{F4FF059A-AB84-3654-93FE-AEDB4603B928}.Debug|x64.Build.0 = Debug|x64
		{F4FF059A-AB84-3654-93FE-AEDB4603B928}.Release|x64.ActiveCfg = Release|x64
		{F4FF059A-AB84-3654-93FE-AEDB4603B928}.Release|x64.Build.0 = Release|x64
		{F4FF059A-AB84-3654-93FE-AEDB4603B928}.MinSizeRel|x64.ActiveCfg = MinSizeRel|x64
		{F4FF059A-AB84-3654-93FE-AEDB4603B928}.MinSizeRel|x64.Build.0 = MinSizeRel|x64
		{F4FF059A-AB84-3654-93FE-AEDB4603B928}.RelWithDebInfo|x64.ActiveCfg = RelWithDebInfo|x64
		{F4FF059A-AB84-3654-93FE-AEDB4603B928}.RelWithDebInfo|x64.Build.0 = RelWithDebInfo|x64
	EndGlobalSection
	GlobalSection(ExtensibilityGlobals) = postSolution
		SolutionGuid = {557D51FB-8600-3F5E-A798-DC588676AF08}
	EndGlobalSection
	GlobalSection(ExtensibilityAddIns) = postSolution
	EndGlobalSection
EndGlobal
