<?xml version="1.0" encoding="utf-8"?>
<Project ToolsVersion="17.0" xmlns="http://schemas.microsoft.com/developer/msbuild/2003">
  <ItemGroup>
    <ClCompile Include="C:\Users\niels\Documents\GitHub\DSP\software\opdracht1\STUDENT\dsbComplex.cpp">
      <Filter>Source Files</Filter>
    </ClCompile>
    <ClCompile Include="C:\Users\niels\Documents\GitHub\DSP\software\opdracht1\STUDENT\dsbComplexBasis.cpp">
      <Filter>Source Files</Filter>
    </ClCompile>
  </ItemGroup>
  <ItemGroup>
    <CustomBuild Include="C:\Users\niels\Documents\GitHub\DSP\software\opdracht1\CMakeLists.txt" />
  </ItemGroup>
  <ItemGroup>
    <Filter Include="Source Files">
      <UniqueIdentifier>{7A1C4E19-28B5-3CAE-9483-25004B90B8D1}</UniqueIdentifier>
    </Filter>
  </ItemGroup>
</Project>
