<?xml version="1.0" encoding="utf-8"?>
<Project ToolsVersion="17.0" xmlns="http://schemas.microsoft.com/developer/msbuild/2003">
  <ItemGroup>
    <ClCompile Include="C:\Users\niels\Documents\Elektrotechniek\Jaar 3\dspl\software\opdracht1\STUDENT\dsbComplex.cpp">
      <Filter>Source Files</Filter>
    </ClCompile>
    <ClCompile Include="C:\Users\niels\Documents\Elektrotechniek\Jaar 3\dspl\software\opdracht1\STUDENT\dsbComplexBasis.cpp">
      <Filter>Source Files</Filter>
    </ClCompile>
  </ItemGroup>
  <ItemGroup>
    <CustomBuild Include="C:\Users\niels\Documents\Elektrotechniek\Jaar 3\dspl\software\opdracht1\CMakeLists.txt" />
  </ItemGroup>
  <ItemGroup>
    <Filter Include="Source Files">
      <UniqueIdentifier>{F13BA8FF-C29F-3523-9ED5-AE615E58F2C1}</UniqueIdentifier>
    </Filter>
  </ItemGroup>
</Project>
