<?xml version="1.0" encoding="utf-8"?>
<Project ToolsVersion="17.0" xmlns="http://schemas.microsoft.com/developer/msbuild/2003">
  <ItemGroup>
    <CustomBuild Include="C:\Users\niels\Documents\GitHub\DSP\software\opdracht2\VisualStudio_x64\CMakeFiles\acc25321998b397c93dd967e9f7708bd\INSTALL_force.rule">
      <Filter>CMake Rules</Filter>
    </CustomBuild>
  </ItemGroup>
  <ItemGroup>
    <Filter Include="CMake Rules">
      <UniqueIdentifier>{3F3ACF5E-51E7-329B-AAB4-2B071BD3142A}</UniqueIdentifier>
    </Filter>
  </ItemGroup>
</Project>
