
Microsoft Visual Studio Solution File, Format Version 12.00
# Visual Studio Version 17
Project("{8BC9CEB8-8B4A-11D0-8D11-00A0C91BC942}") = "ALL_BUILD", "ALL_BUILD.vcxproj", "{A4DE90F4-DE45-3AC6-89BC-5F8243DFF1B4}"
	ProjectSection(ProjectDependencies) = postProject
		{144ED6B5-A0B4-35C2-8082-6FAF2FF43373} = {144ED6B5-A0B4-35C2-8082-6FAF2FF43373}
		{155E567A-42EC-37CD-BB8F-2A52F6E0656C} = {155E567A-42EC-37CD-BB8F-2A52F6E0656C}
		{C97C78C6-0976-3C7F-8511-508891FB4812} = {C97C78C6-0976-3C7F-8511-508891FB4812}
		{DDEE25F9-72CF-3AA1-8819-B0C796808ECC} = {DDEE25F9-72CF-3AA1-8819-B0C796808ECC}
		{61F74A5D-40E0-369A-A876-C2D0B4E9E6EC} = {61F74A5D-40E0-369A-A876-C2D0B4E9E6EC}
	EndProjectSection
EndProject
Project("{8BC9CEB8-8B4A-11D0-8D11-00A0C91BC942}") = "DSBKlassen", "Opdracht1\DSBKlassen.vcxproj", "{144ED6B5-A0B4-35C2-8082-6FAF2FF43373}"
	ProjectSection(ProjectDependencies) = postProject
		{DDEE25F9-72CF-3AA1-8819-B0C796808ECC} = {DDEE25F9-72CF-3AA1-8819-B0C796808ECC}
	EndProjectSection
EndProject
Project("{8BC9CEB8-8B4A-11D0-8D11-00A0C91BC942}") = "DSPESEL2", "DSPESEL2.vcxproj", "{155E567A-42EC-37CD-BB8F-2A52F6E0656C}"
	ProjectSection(ProjectDependencies) = postProject
		{144ED6B5-A0B4-35C2-8082-6FAF2FF43373} = {144ED6B5-A0B4-35C2-8082-6FAF2FF43373}
		{C97C78C6-0976-3C7F-8511-508891FB4812} = {C97C78C6-0976-3C7F-8511-508891FB4812}
		{DDEE25F9-72CF-3AA1-8819-B0C796808ECC} = {DDEE25F9-72CF-3AA1-8819-B0C796808ECC}
		{61F74A5D-40E0-369A-A876-C2D0B4E9E6EC} = {61F74A5D-40E0-369A-A876-C2D0B4E9E6EC}
	EndProjectSection
EndProject
Project("{8BC9CEB8-8B4A-11D0-8D11-00A0C91BC942}") = "ExpAverageLib", "STUDENT\expAverage\ExpAverageLib.vcxproj", "{C97C78C6-0976-3C7F-8511-508891FB4812}"
	ProjectSection(ProjectDependencies) = postProject
		{DDEE25F9-72CF-3AA1-8819-B0C796808ECC} = {DDEE25F9-72CF-3AA1-8819-B0C796808ECC}
	EndProjectSection
EndProject
Project("{8BC9CEB8-8B4A-11D0-8D11-00A0C91BC942}") = "INSTALL", "INSTALL.vcxproj", "{3A33E873-9B3B-31A6-A066-F33967989A1A}"
	ProjectSection(ProjectDependencies) = postProject
		{A4DE90F4-DE45-3AC6-89BC-5F8243DFF1B4} = {A4DE90F4-DE45-3AC6-89BC-5F8243DFF1B4}
		{DDEE25F9-72CF-3AA1-8819-B0C796808ECC} = {DDEE25F9-72CF-3AA1-8819-B0C796808ECC}
	EndProjectSection
EndProject
Project("{8BC9CEB8-8B4A-11D0-8D11-00A0C91BC942}") = "PACKAGE", "PACKAGE.vcxproj", "{33E521F6-0E4B-3547-A358-3E30C47F5B19}"
	ProjectSection(ProjectDependencies) = postProject
		{A4DE90F4-DE45-3AC6-89BC-5F8243DFF1B4} = {A4DE90F4-DE45-3AC6-89BC-5F8243DFF1B4}
		{DDEE25F9-72CF-3AA1-8819-B0C796808ECC} = {DDEE25F9-72CF-3AA1-8819-B0C796808ECC}
	EndProjectSection
EndProject
Project("{8BC9CEB8-8B4A-11D0-8D11-00A0C91BC942}") = "ZERO_CHECK", "ZERO_CHECK.vcxproj", "{DDEE25F9-72CF-3AA1-8819-B0C796808ECC}"
	ProjectSection(ProjectDependencies) = postProject
	EndProjectSection
EndProject
Project("{8BC9CEB8-8B4A-11D0-8D11-00A0C91BC942}") = "wxBasis", "wxBasis\wxBasis.vcxproj", "{61F74A5D-40E0-369A-A876-C2D0B4E9E6EC}"
	ProjectSection(ProjectDependencies) = postProject
		{DDEE25F9-72CF-3AA1-8819-B0C796808ECC} = {DDEE25F9-72CF-3AA1-8819-B0C796808ECC}
	EndProjectSection
EndProject
Global
	GlobalSection(SolutionConfigurationPlatforms) = preSolution
		Debug|x64 = Debug|x64
		Release|x64 = Release|x64
		MinSizeRel|x64 = MinSizeRel|x64
		RelWithDebInfo|x64 = RelWithDebInfo|x64
	EndGlobalSection
	GlobalSection(ProjectConfigurationPlatforms) = postSolution
		{A4DE90F4-DE45-3AC6-89BC-5F8243DFF1B4}.Debug|x64.ActiveCfg = Debug|x64
		{A4DE90F4-DE45-3AC6-89BC-5F8243DFF1B4}.Debug|x64.Build.0 = Debug|x64
		{A4DE90F4-DE45-3AC6-89BC-5F8243DFF1B4}.Release|x64.ActiveCfg = Release|x64
		{A4DE90F4-DE45-3AC6-89BC-5F8243DFF1B4}.Release|x64.Build.0 = Release|x64
		{A4DE90F4-DE45-3AC6-89BC-5F8243DFF1B4}.MinSizeRel|x64.ActiveCfg = MinSizeRel|x64
		{A4DE90F4-DE45-3AC6-89BC-5F8243DFF1B4}.MinSizeRel|x64.Build.0 = MinSizeRel|x64
		{A4DE90F4-DE45-3AC6-89BC-5F8243DFF1B4}.RelWithDebInfo|x64.ActiveCfg = RelWithDebInfo|x64
		{A4DE90F4-DE45-3AC6-89BC-5F8243DFF1B4}.RelWithDebInfo|x64.Build.0 = RelWithDebInfo|x64
		{144ED6B5-A0B4-35C2-8082-6FAF2FF43373}.Debug|x64.ActiveCfg = Debug|x64
		{144ED6B5-A0B4-35C2-8082-6FAF2FF43373}.Debug|x64.Build.0 = Debug|x64
		{144ED6B5-A0B4-35C2-8082-6FAF2FF43373}.Release|x64.ActiveCfg = Release|x64
		{144ED6B5-A0B4-35C2-8082-6FAF2FF43373}.Release|x64.Build.0 = Release|x64
		{144ED6B5-A0B4-35C2-8082-6FAF2FF43373}.MinSizeRel|x64.ActiveCfg = MinSizeRel|x64
		{144ED6B5-A0B4-35C2-8082-6FAF2FF43373}.MinSizeRel|x64.Build.0 = MinSizeRel|x64
		{144ED6B5-A0B4-35C2-8082-6FAF2FF43373}.RelWithDebInfo|x64.ActiveCfg = RelWithDebInfo|x64
		{144ED6B5-A0B4-35C2-8082-6FAF2FF43373}.RelWithDebInfo|x64.Build.0 = RelWithDebInfo|x64
		{155E567A-42EC-37CD-BB8F-2A52F6E0656C}.Debug|x64.ActiveCfg = Debug|x64
		{155E567A-42EC-37CD-BB8F-2A52F6E0656C}.Debug|x64.Build.0 = Debug|x64
		{155E567A-42EC-37CD-BB8F-2A52F6E0656C}.Release|x64.ActiveCfg = Release|x64
		{155E567A-42EC-37CD-BB8F-2A52F6E0656C}.Release|x64.Build.0 = Release|x64
		{155E567A-42EC-37CD-BB8F-2A52F6E0656C}.MinSizeRel|x64.ActiveCfg = MinSizeRel|x64
		{155E567A-42EC-37CD-BB8F-2A52F6E0656C}.MinSizeRel|x64.Build.0 = MinSizeRel|x64
		{155E567A-42EC-37CD-BB8F-2A52F6E0656C}.RelWithDebInfo|x64.ActiveCfg = RelWithDebInfo|x64
		{155E567A-42EC-37CD-BB8F-2A52F6E0656C}.RelWithDebInfo|x64.Build.0 = RelWithDebInfo|x64
		{C97C78C6-0976-3C7F-8511-508891FB4812}.Debug|x64.ActiveCfg = Debug|x64
		{C97C78C6-0976-3C7F-8511-508891FB4812}.Debug|x64.Build.0 = Debug|x64
		{C97C78C6-0976-3C7F-8511-508891FB4812}.Release|x64.ActiveCfg = Release|x64
		{C97C78C6-0976-3C7F-8511-508891FB4812}.Release|x64.Build.0 = Release|x64
		{C97C78C6-0976-3C7F-8511-508891FB4812}.MinSizeRel|x64.ActiveCfg = MinSizeRel|x64
		{C97C78C6-0976-3C7F-8511-508891FB4812}.MinSizeRel|x64.Build.0 = MinSizeRel|x64
		{C97C78C6-0976-3C7F-8511-508891FB4812}.RelWithDebInfo|x64.ActiveCfg = RelWithDebInfo|x64
		{C97C78C6-0976-3C7F-8511-508891FB4812}.RelWithDebInfo|x64.Build.0 = RelWithDebInfo|x64
		{3A33E873-9B3B-31A6-A066-F33967989A1A}.Debug|x64.ActiveCfg = Debug|x64
		{3A33E873-9B3B-31A6-A066-F33967989A1A}.Release|x64.ActiveCfg = Release|x64
		{3A33E873-9B3B-31A6-A066-F33967989A1A}.MinSizeRel|x64.ActiveCfg = MinSizeRel|x64
		{3A33E873-9B3B-31A6-A066-F33967989A1A}.RelWithDebInfo|x64.ActiveCfg = RelWithDebInfo|x64
		{33E521F6-0E4B-3547-A358-3E30C47F5B19}.Debug|x64.ActiveCfg = Debug|x64
		{33E521F6-0E4B-3547-A358-3E30C47F5B19}.Release|x64.ActiveCfg = Release|x64
		{33E521F6-0E4B-3547-A358-3E30C47F5B19}.MinSizeRel|x64.ActiveCfg = MinSizeRel|x64
		{33E521F6-0E4B-3547-A358-3E30C47F5B19}.RelWithDebInfo|x64.ActiveCfg = RelWithDebInfo|x64
		{DDEE25F9-72CF-3AA1-8819-B0C796808ECC}.Debug|x64.ActiveCfg = Debug|x64
		{DDEE25F9-72CF-3AA1-8819-B0C796808ECC}.Debug|x64.Build.0 = Debug|x64
		{DDEE25F9-72CF-3AA1-8819-B0C796808ECC}.Release|x64.ActiveCfg = Release|x64
		{DDEE25F9-72CF-3AA1-8819-B0C796808ECC}.Release|x64.Build.0 = Release|x64
		{DDEE25F9-72CF-3AA1-8819-B0C796808ECC}.MinSizeRel|x64.ActiveCfg = MinSizeRel|x64
		{DDEE25F9-72CF-3AA1-8819-B0C796808ECC}.MinSizeRel|x64.Build.0 = MinSizeRel|x64
		{DDEE25F9-72CF-3AA1-8819-B0C796808ECC}.RelWithDebInfo|x64.ActiveCfg = RelWithDebInfo|x64
		{DDEE25F9-72CF-3AA1-8819-B0C796808ECC}.RelWithDebInfo|x64.Build.0 = RelWithDebInfo|x64
		{61F74A5D-40E0-369A-A876-C2D0B4E9E6EC}.Debug|x64.ActiveCfg = Debug|x64
		{61F74A5D-40E0-369A-A876-C2D0B4E9E6EC}.Debug|x64.Build.0 = Debug|x64
		{61F74A5D-40E0-369A-A876-C2D0B4E9E6EC}.Release|x64.ActiveCfg = Release|x64
		{61F74A5D-40E0-369A-A876-C2D0B4E9E6EC}.Release|x64.Build.0 = Release|x64
		{61F74A5D-40E0-369A-A876-C2D0B4E9E6EC}.MinSizeRel|x64.ActiveCfg = MinSizeRel|x64
		{61F74A5D-40E0-369A-A876-C2D0B4E9E6EC}.MinSizeRel|x64.Build.0 = MinSizeRel|x64
		{61F74A5D-40E0-369A-A876-C2D0B4E9E6EC}.RelWithDebInfo|x64.ActiveCfg = RelWithDebInfo|x64
		{61F74A5D-40E0-369A-A876-C2D0B4E9E6EC}.RelWithDebInfo|x64.Build.0 = RelWithDebInfo|x64
	EndGlobalSection
	GlobalSection(ExtensibilityGlobals) = postSolution
		SolutionGuid = {08973441-840F-3EEC-83E0-7FC948AA320D}
	EndGlobalSection
	GlobalSection(ExtensibilityAddIns) = postSolution
	EndGlobalSection
EndGlobal
