
Microsoft Visual Studio Solution File, Format Version 12.00
# Visual Studio Version 17
Project("{8BC9CEB8-8B4A-11D0-8D11-00A0C91BC942}") = "ALL_BUILD", "ALL_BUILD.vcxproj", "{C6BADBBF-CD72-3EE5-8239-7CC4E6540C14}"
	ProjectSection(ProjectDependencies) = postProject
		{B0A67DEA-AF9D-3F9A-854F-DC23BA08E99C} = {B0A67DEA-AF9D-3F9A-854F-DC23BA08E99C}
		{E42C756A-0BCE-3E4B-95E7-36B21AA53EC8} = {E42C756A-0BCE-3E4B-95E7-36B21AA53EC8}
		{4511F5A5-A158-3BE6-88F1-F8BF97CD2CF2} = {4511F5A5-A158-3BE6-88F1-F8BF97CD2CF2}
		{D4B81BF1-69F1-389F-8469-AAF0E737E7AE} = {D4B81BF1-69F1-389F-8469-AAF0E737E7AE}
		{32F5D258-E9F5-36FF-BC0E-4C682C62149C} = {32F5D258-E9F5-36FF-BC0E-4C682C62149C}
	EndProjectSection
EndProject
Project("{8BC9CEB8-8B4A-11D0-8D11-00A0C91BC942}") = "DSBKlassen", "Opdracht1\DSBKlassen.vcxproj", "{B0A67DEA-AF9D-3F9A-854F-DC23BA08E99C}"
	ProjectSection(ProjectDependencies) = postProject
		{D4B81BF1-69F1-389F-8469-AAF0E737E7AE} = {D4B81BF1-69F1-389F-8469-AAF0E737E7AE}
	EndProjectSection
EndProject
Project("{8BC9CEB8-8B4A-11D0-8D11-00A0C91BC942}") = "DSPESEL2", "DSPESEL2.vcxproj", "{E42C756A-0BCE-3E4B-95E7-36B21AA53EC8}"
	ProjectSection(ProjectDependencies) = postProject
		{B0A67DEA-AF9D-3F9A-854F-DC23BA08E99C} = {B0A67DEA-AF9D-3F9A-854F-DC23BA08E99C}
		{4511F5A5-A158-3BE6-88F1-F8BF97CD2CF2} = {4511F5A5-A158-3BE6-88F1-F8BF97CD2CF2}
		{D4B81BF1-69F1-389F-8469-AAF0E737E7AE} = {D4B81BF1-69F1-389F-8469-AAF0E737E7AE}
		{32F5D258-E9F5-36FF-BC0E-4C682C62149C} = {32F5D258-E9F5-36FF-BC0E-4C682C62149C}
	EndProjectSection
EndProject
Project("{8BC9CEB8-8B4A-11D0-8D11-00A0C91BC942}") = "ExpAverageLib", "STUDENT\expAverage\ExpAverageLib.vcxproj", "{4511F5A5-A158-3BE6-88F1-F8BF97CD2CF2}"
	ProjectSection(ProjectDependencies) = postProject
		{D4B81BF1-69F1-389F-8469-AAF0E737E7AE} = {D4B81BF1-69F1-389F-8469-AAF0E737E7AE}
	EndProjectSection
EndProject
Project("{8BC9CEB8-8B4A-11D0-8D11-00A0C91BC942}") = "INSTALL", "INSTALL.vcxproj", "{A54543B8-FCB2-38C3-B6FC-057EC8CA34C4}"
	ProjectSection(ProjectDependencies) = postProject
		{C6BADBBF-CD72-3EE5-8239-7CC4E6540C14} = {C6BADBBF-CD72-3EE5-8239-7CC4E6540C14}
		{D4B81BF1-69F1-389F-8469-AAF0E737E7AE} = {D4B81BF1-69F1-389F-8469-AAF0E737E7AE}
	EndProjectSection
EndProject
Project("{8BC9CEB8-8B4A-11D0-8D11-00A0C91BC942}") = "PACKAGE", "PACKAGE.vcxproj", "{CF0BCB5A-C2BE-3DB9-9EBD-9259EDBB0FA2}"
	ProjectSection(ProjectDependencies) = postProject
		{C6BADBBF-CD72-3EE5-8239-7CC4E6540C14} = {C6BADBBF-CD72-3EE5-8239-7CC4E6540C14}
		{D4B81BF1-69F1-389F-8469-AAF0E737E7AE} = {D4B81BF1-69F1-389F-8469-AAF0E737E7AE}
	EndProjectSection
EndProject
Project("{8BC9CEB8-8B4A-11D0-8D11-00A0C91BC942}") = "ZERO_CHECK", "ZERO_CHECK.vcxproj", "{D4B81BF1-69F1-389F-8469-AAF0E737E7AE}"
	ProjectSection(ProjectDependencies) = postProject
	EndProjectSection
EndProject
Project("{8BC9CEB8-8B4A-11D0-8D11-00A0C91BC942}") = "wxBasis", "wxBasis\wxBasis.vcxproj", "{32F5D258-E9F5-36FF-BC0E-4C682C62149C}"
	ProjectSection(ProjectDependencies) = postProject
		{D4B81BF1-69F1-389F-8469-AAF0E737E7AE} = {D4B81BF1-69F1-389F-8469-AAF0E737E7AE}
	EndProjectSection
EndProject
Global
	GlobalSection(SolutionConfigurationPlatforms) = preSolution
		Debug|x64 = Debug|x64
		Release|x64 = Release|x64
		MinSizeRel|x64 = MinSizeRel|x64
		RelWithDebInfo|x64 = RelWithDebInfo|x64
	EndGlobalSection
	GlobalSection(ProjectConfigurationPlatforms) = postSolution
		{C6BADBBF-CD72-3EE5-8239-7CC4E6540C14}.Debug|x64.ActiveCfg = Debug|x64
		{C6BADBBF-CD72-3EE5-8239-7CC4E6540C14}.Debug|x64.Build.0 = Debug|x64
		{C6BADBBF-CD72-3EE5-8239-7CC4E6540C14}.Release|x64.ActiveCfg = Release|x64
		{C6BADBBF-CD72-3EE5-8239-7CC4E6540C14}.Release|x64.Build.0 = Release|x64
		{C6BADBBF-CD72-3EE5-8239-7CC4E6540C14}.MinSizeRel|x64.ActiveCfg = MinSizeRel|x64
		{C6BADBBF-CD72-3EE5-8239-7CC4E6540C14}.MinSizeRel|x64.Build.0 = MinSizeRel|x64
		{C6BADBBF-CD72-3EE5-8239-7CC4E6540C14}.RelWithDebInfo|x64.ActiveCfg = RelWithDebInfo|x64
		{C6BADBBF-CD72-3EE5-8239-7CC4E6540C14}.RelWithDebInfo|x64.Build.0 = RelWithDebInfo|x64
		{B0A67DEA-AF9D-3F9A-854F-DC23BA08E99C}.Debug|x64.ActiveCfg = Debug|x64
		{B0A67DEA-AF9D-3F9A-854F-DC23BA08E99C}.Debug|x64.Build.0 = Debug|x64
		{B0A67DEA-AF9D-3F9A-854F-DC23BA08E99C}.Release|x64.ActiveCfg = Release|x64
		{B0A67DEA-AF9D-3F9A-854F-DC23BA08E99C}.Release|x64.Build.0 = Release|x64
		{B0A67DEA-AF9D-3F9A-854F-DC23BA08E99C}.MinSizeRel|x64.ActiveCfg = MinSizeRel|x64
		{B0A67DEA-AF9D-3F9A-854F-DC23BA08E99C}.MinSizeRel|x64.Build.0 = MinSizeRel|x64
		{B0A67DEA-AF9D-3F9A-854F-DC23BA08E99C}.RelWithDebInfo|x64.ActiveCfg = RelWithDebInfo|x64
		{B0A67DEA-AF9D-3F9A-854F-DC23BA08E99C}.RelWithDebInfo|x64.Build.0 = RelWithDebInfo|x64
		{E42C756A-0BCE-3E4B-95E7-36B21AA53EC8}.Debug|x64.ActiveCfg = Debug|x64
		{E42C756A-0BCE-3E4B-95E7-36B21AA53EC8}.Debug|x64.Build.0 = Debug|x64
		{E42C756A-0BCE-3E4B-95E7-36B21AA53EC8}.Release|x64.ActiveCfg = Release|x64
		{E42C756A-0BCE-3E4B-95E7-36B21AA53EC8}.Release|x64.Build.0 = Release|x64
		{E42C756A-0BCE-3E4B-95E7-36B21AA53EC8}.MinSizeRel|x64.ActiveCfg = MinSizeRel|x64
		{E42C756A-0BCE-3E4B-95E7-36B21AA53EC8}.MinSizeRel|x64.Build.0 = MinSizeRel|x64
		{E42C756A-0BCE-3E4B-95E7-36B21AA53EC8}.RelWithDebInfo|x64.ActiveCfg = RelWithDebInfo|x64
		{E42C756A-0BCE-3E4B-95E7-36B21AA53EC8}.RelWithDebInfo|x64.Build.0 = RelWithDebInfo|x64
		{4511F5A5-A158-3BE6-88F1-F8BF97CD2CF2}.Debug|x64.ActiveCfg = Debug|x64
		{4511F5A5-A158-3BE6-88F1-F8BF97CD2CF2}.Debug|x64.Build.0 = Debug|x64
		{4511F5A5-A158-3BE6-88F1-F8BF97CD2CF2}.Release|x64.ActiveCfg = Release|x64
		{4511F5A5-A158-3BE6-88F1-F8BF97CD2CF2}.Release|x64.Build.0 = Release|x64
		{4511F5A5-A158-3BE6-88F1-F8BF97CD2CF2}.MinSizeRel|x64.ActiveCfg = MinSizeRel|x64
		{4511F5A5-A158-3BE6-88F1-F8BF97CD2CF2}.MinSizeRel|x64.Build.0 = MinSizeRel|x64
		{4511F5A5-A158-3BE6-88F1-F8BF97CD2CF2}.RelWithDebInfo|x64.ActiveCfg = RelWithDebInfo|x64
		{4511F5A5-A158-3BE6-88F1-F8BF97CD2CF2}.RelWithDebInfo|x64.Build.0 = RelWithDebInfo|x64
		{A54543B8-FCB2-38C3-B6FC-057EC8CA34C4}.Debug|x64.ActiveCfg = Debug|x64
		{A54543B8-FCB2-38C3-B6FC-057EC8CA34C4}.Release|x64.ActiveCfg = Release|x64
		{A54543B8-FCB2-38C3-B6FC-057EC8CA34C4}.MinSizeRel|x64.ActiveCfg = MinSizeRel|x64
		{A54543B8-FCB2-38C3-B6FC-057EC8CA34C4}.RelWithDebInfo|x64.ActiveCfg = RelWithDebInfo|x64
		{CF0BCB5A-C2BE-3DB9-9EBD-9259EDBB0FA2}.Debug|x64.ActiveCfg = Debug|x64
		{CF0BCB5A-C2BE-3DB9-9EBD-9259EDBB0FA2}.Release|x64.ActiveCfg = Release|x64
		{CF0BCB5A-C2BE-3DB9-9EBD-9259EDBB0FA2}.MinSizeRel|x64.ActiveCfg = MinSizeRel|x64
		{CF0BCB5A-C2BE-3DB9-9EBD-9259EDBB0FA2}.RelWithDebInfo|x64.ActiveCfg = RelWithDebInfo|x64
		{D4B81BF1-69F1-389F-8469-AAF0E737E7AE}.Debug|x64.ActiveCfg = Debug|x64
		{D4B81BF1-69F1-389F-8469-AAF0E737E7AE}.Debug|x64.Build.0 = Debug|x64
		{D4B81BF1-69F1-389F-8469-AAF0E737E7AE}.Release|x64.ActiveCfg = Release|x64
		{D4B81BF1-69F1-389F-8469-AAF0E737E7AE}.Release|x64.Build.0 = Release|x64
		{D4B81BF1-69F1-389F-8469-AAF0E737E7AE}.MinSizeRel|x64.ActiveCfg = MinSizeRel|x64
		{D4B81BF1-69F1-389F-8469-AAF0E737E7AE}.MinSizeRel|x64.Build.0 = MinSizeRel|x64
		{D4B81BF1-69F1-389F-8469-AAF0E737E7AE}.RelWithDebInfo|x64.ActiveCfg = RelWithDebInfo|x64
		{D4B81BF1-69F1-389F-8469-AAF0E737E7AE}.RelWithDebInfo|x64.Build.0 = RelWithDebInfo|x64
		{32F5D258-E9F5-36FF-BC0E-4C682C62149C}.Debug|x64.ActiveCfg = Debug|x64
		{32F5D258-E9F5-36FF-BC0E-4C682C62149C}.Debug|x64.Build.0 = Debug|x64
		{32F5D258-E9F5-36FF-BC0E-4C682C62149C}.Release|x64.ActiveCfg = Release|x64
		{32F5D258-E9F5-36FF-BC0E-4C682C62149C}.Release|x64.Build.0 = Release|x64
		{32F5D258-E9F5-36FF-BC0E-4C682C62149C}.MinSizeRel|x64.ActiveCfg = MinSizeRel|x64
		{32F5D258-E9F5-36FF-BC0E-4C682C62149C}.MinSizeRel|x64.Build.0 = MinSizeRel|x64
		{32F5D258-E9F5-36FF-BC0E-4C682C62149C}.RelWithDebInfo|x64.ActiveCfg = RelWithDebInfo|x64
		{32F5D258-E9F5-36FF-BC0E-4C682C62149C}.RelWithDebInfo|x64.Build.0 = RelWithDebInfo|x64
	EndGlobalSection
	GlobalSection(ExtensibilityGlobals) = postSolution
		SolutionGuid = {CB3E8AEC-2BD6-3EED-AAA3-9A4490C84D03}
	EndGlobalSection
	GlobalSection(ExtensibilityAddIns) = postSolution
	EndGlobalSection
EndGlobal
