<?xml version="1.0" encoding="utf-8"?>
<Project ToolsVersion="17.0" xmlns="http://schemas.microsoft.com/developer/msbuild/2003">
  <ItemGroup>
    <ClCompile Include="C:\Users\niels\Documents\GitHub\DSP\software\DesktopBasis\gemeenschappelijk\wxBasis\algemeen.cpp">
      <Filter>Source Files</Filter>
    </ClCompile>
    <ClCompile Include="C:\Users\niels\Documents\GitHub\DSP\software\DesktopBasis\gemeenschappelijk\wxBasis\desktopApp.cpp">
      <Filter>Source Files</Filter>
    </ClCompile>
    <ClCompile Include="C:\Users\niels\Documents\GitHub\DSP\software\DesktopBasis\gemeenschappelijk\wxBasis\grafiekVenster.cpp">
      <Filter>Source Files</Filter>
    </ClCompile>
    <ClCompile Include="C:\Users\niels\Documents\GitHub\DSP\software\DesktopBasis\gemeenschappelijk\wxBasis\tinyexpr.c">
      <Filter>Source Files</Filter>
    </ClCompile>
  </ItemGroup>
  <ItemGroup>
    <CustomBuild Include="C:\Users\niels\Documents\GitHub\DSP\software\DesktopBasis\gemeenschappelijk\wxBasis\CMakeLists.txt" />
  </ItemGroup>
  <ItemGroup>
    <Filter Include="Source Files">
      <UniqueIdentifier>{B49B134F-9774-3077-A3FB-32F7988461BC}</UniqueIdentifier>
    </Filter>
  </ItemGroup>
</Project>
