
Microsoft Visual Studio Solution File, Format Version 12.00
# Visual Studio Version 17
Project("{8BC9CEB8-8B4A-11D0-8D11-00A0C91BC942}") = "ALL_BUILD", "ALL_BUILD.vcxproj", "{6E275E11-8F95-397A-B9EF-91BD7A356488}"
	ProjectSection(ProjectDependencies) = postProject
		{8DD8EE98-DA8F-3833-BE98-D634C752A3FF} = {8DD8EE98-DA8F-3833-BE98-D634C752A3FF}
		{4A42156C-E367-3973-8332-227FA8E21B64} = {4A42156C-E367-3973-8332-227FA8E21B64}
		{AE1A0CAB-37E8-39B2-B010-8224181A9FD0} = {AE1A0CAB-37E8-39B2-B010-8224181A9FD0}
		{5BB98F9E-C7DC-3C2F-B5A3-F334A3962807} = {5BB98F9E-C7DC-3C2F-B5A3-F334A3962807}
	EndProjectSection
EndProject
Project("{8BC9CEB8-8B4A-11D0-8D11-00A0C91BC942}") = "DSBKlassen", "Opdracht1\DSBKlassen.vcxproj", "{8DD8EE98-DA8F-3833-BE98-D634C752A3FF}"
	ProjectSection(ProjectDependencies) = postProject
		{AE1A0CAB-37E8-39B2-B010-8224181A9FD0} = {AE1A0CAB-37E8-39B2-B010-8224181A9FD0}
	EndProjectSection
EndProject
Project("{8BC9CEB8-8B4A-11D0-8D11-00A0C91BC942}") = "DSPESEL3", "DSPESEL3.vcxproj", "{4A42156C-E367-3973-8332-227FA8E21B64}"
	ProjectSection(ProjectDependencies) = postProject
		{8DD8EE98-DA8F-3833-BE98-D634C752A3FF} = {8DD8EE98-DA8F-3833-BE98-D634C752A3FF}
		{AE1A0CAB-37E8-39B2-B010-8224181A9FD0} = {AE1A0CAB-37E8-39B2-B010-8224181A9FD0}
		{5BB98F9E-C7DC-3C2F-B5A3-F334A3962807} = {5BB98F9E-C7DC-3C2F-B5A3-F334A3962807}
	EndProjectSection
EndProject
Project("{8BC9CEB8-8B4A-11D0-8D11-00A0C91BC942}") = "INSTALL", "INSTALL.vcxproj", "{82C35A66-7335-3829-8998-C7BD451FB707}"
	ProjectSection(ProjectDependencies) = postProject
		{6E275E11-8F95-397A-B9EF-91BD7A356488} = {6E275E11-8F95-397A-B9EF-91BD7A356488}
		{AE1A0CAB-37E8-39B2-B010-8224181A9FD0} = {AE1A0CAB-37E8-39B2-B010-8224181A9FD0}
	EndProjectSection
EndProject
Project("{8BC9CEB8-8B4A-11D0-8D11-00A0C91BC942}") = "PACKAGE", "PACKAGE.vcxproj", "{C4FA0153-551F-305E-B760-E8983117791B}"
	ProjectSection(ProjectDependencies) = postProject
		{6E275E11-8F95-397A-B9EF-91BD7A356488} = {6E275E11-8F95-397A-B9EF-91BD7A356488}
		{AE1A0CAB-37E8-39B2-B010-8224181A9FD0} = {AE1A0CAB-37E8-39B2-B010-8224181A9FD0}
	EndProjectSection
EndProject
Project("{8BC9CEB8-8B4A-11D0-8D11-00A0C91BC942}") = "ZERO_CHECK", "ZERO_CHECK.vcxproj", "{AE1A0CAB-37E8-39B2-B010-8224181A9FD0}"
	ProjectSection(ProjectDependencies) = postProject
	EndProjectSection
EndProject
Project("{8BC9CEB8-8B4A-11D0-8D11-00A0C91BC942}") = "wxBasis", "wxBasis\wxBasis.vcxproj", "{5BB98F9E-C7DC-3C2F-B5A3-F334A3962807}"
	ProjectSection(ProjectDependencies) = postProject
		{AE1A0CAB-37E8-39B2-B010-8224181A9FD0} = {AE1A0CAB-37E8-39B2-B010-8224181A9FD0}
	EndProjectSection
EndProject
Global
	GlobalSection(SolutionConfigurationPlatforms) = preSolution
		Debug|x64 = Debug|x64
		Release|x64 = Release|x64
		MinSizeRel|x64 = MinSizeRel|x64
		RelWithDebInfo|x64 = RelWithDebInfo|x64
	EndGlobalSection
	GlobalSection(ProjectConfigurationPlatforms) = postSolution
		{6E275E11-8F95-397A-B9EF-91BD7A356488}.Debug|x64.ActiveCfg = Debug|x64
		{6E275E11-8F95-397A-B9EF-91BD7A356488}.Debug|x64.Build.0 = Debug|x64
		{6E275E11-8F95-397A-B9EF-91BD7A356488}.Release|x64.ActiveCfg = Release|x64
		{6E275E11-8F95-397A-B9EF-91BD7A356488}.Release|x64.Build.0 = Release|x64
		{6E275E11-8F95-397A-B9EF-91BD7A356488}.MinSizeRel|x64.ActiveCfg = MinSizeRel|x64
		{6E275E11-8F95-397A-B9EF-91BD7A356488}.MinSizeRel|x64.Build.0 = MinSizeRel|x64
		{6E275E11-8F95-397A-B9EF-91BD7A356488}.RelWithDebInfo|x64.ActiveCfg = RelWithDebInfo|x64
		{6E275E11-8F95-397A-B9EF-91BD7A356488}.RelWithDebInfo|x64.Build.0 = RelWithDebInfo|x64
		{8DD8EE98-DA8F-3833-BE98-D634C752A3FF}.Debug|x64.ActiveCfg = Debug|x64
		{8DD8EE98-DA8F-3833-BE98-D634C752A3FF}.Debug|x64.Build.0 = Debug|x64
		{8DD8EE98-DA8F-3833-BE98-D634C752A3FF}.Release|x64.ActiveCfg = Release|x64
		{8DD8EE98-DA8F-3833-BE98-D634C752A3FF}.Release|x64.Build.0 = Release|x64
		{8DD8EE98-DA8F-3833-BE98-D634C752A3FF}.MinSizeRel|x64.ActiveCfg = MinSizeRel|x64
		{8DD8EE98-DA8F-3833-BE98-D634C752A3FF}.MinSizeRel|x64.Build.0 = MinSizeRel|x64
		{8DD8EE98-DA8F-3833-BE98-D634C752A3FF}.RelWithDebInfo|x64.ActiveCfg = RelWithDebInfo|x64
		{8DD8EE98-DA8F-3833-BE98-D634C752A3FF}.RelWithDebInfo|x64.Build.0 = RelWithDebInfo|x64
		{4A42156C-E367-3973-8332-227FA8E21B64}.Debug|x64.ActiveCfg = Debug|x64
		{4A42156C-E367-3973-8332-227FA8E21B64}.Debug|x64.Build.0 = Debug|x64
		{4A42156C-E367-3973-8332-227FA8E21B64}.Release|x64.ActiveCfg = Release|x64
		{4A42156C-E367-3973-8332-227FA8E21B64}.Release|x64.Build.0 = Release|x64
		{4A42156C-E367-3973-8332-227FA8E21B64}.MinSizeRel|x64.ActiveCfg = MinSizeRel|x64
		{4A42156C-E367-3973-8332-227FA8E21B64}.MinSizeRel|x64.Build.0 = MinSizeRel|x64
		{4A42156C-E367-3973-8332-227FA8E21B64}.RelWithDebInfo|x64.ActiveCfg = RelWithDebInfo|x64
		{4A42156C-E367-3973-8332-227FA8E21B64}.RelWithDebInfo|x64.Build.0 = RelWithDebInfo|x64
		{82C35A66-7335-3829-8998-C7BD451FB707}.Debug|x64.ActiveCfg = Debug|x64
		{82C35A66-7335-3829-8998-C7BD451FB707}.Release|x64.ActiveCfg = Release|x64
		{82C35A66-7335-3829-8998-C7BD451FB707}.MinSizeRel|x64.ActiveCfg = MinSizeRel|x64
		{82C35A66-7335-3829-8998-C7BD451FB707}.RelWithDebInfo|x64.ActiveCfg = RelWithDebInfo|x64
		{C4FA0153-551F-305E-B760-E8983117791B}.Debug|x64.ActiveCfg = Debug|x64
		{C4FA0153-551F-305E-B760-E8983117791B}.Release|x64.ActiveCfg = Release|x64
		{C4FA0153-551F-305E-B760-E8983117791B}.MinSizeRel|x64.ActiveCfg = MinSizeRel|x64
		{C4FA0153-551F-305E-B760-E8983117791B}.RelWithDebInfo|x64.ActiveCfg = RelWithDebInfo|x64
		{AE1A0CAB-37E8-39B2-B010-8224181A9FD0}.Debug|x64.ActiveCfg = Debug|x64
		{AE1A0CAB-37E8-39B2-B010-8224181A9FD0}.Debug|x64.Build.0 = Debug|x64
		{AE1A0CAB-37E8-39B2-B010-8224181A9FD0}.Release|x64.ActiveCfg = Release|x64
		{AE1A0CAB-37E8-39B2-B010-8224181A9FD0}.Release|x64.Build.0 = Release|x64
		{AE1A0CAB-37E8-39B2-B010-8224181A9FD0}.MinSizeRel|x64.ActiveCfg = MinSizeRel|x64
		{AE1A0CAB-37E8-39B2-B010-8224181A9FD0}.MinSizeRel|x64.Build.0 = MinSizeRel|x64
		{AE1A0CAB-37E8-39B2-B010-8224181A9FD0}.RelWithDebInfo|x64.ActiveCfg = RelWithDebInfo|x64
		{AE1A0CAB-37E8-39B2-B010-8224181A9FD0}.RelWithDebInfo|x64.Build.0 = RelWithDebInfo|x64
		{5BB98F9E-C7DC-3C2F-B5A3-F334A3962807}.Debug|x64.ActiveCfg = Debug|x64
		{5BB98F9E-C7DC-3C2F-B5A3-F334A3962807}.Debug|x64.Build.0 = Debug|x64
		{5BB98F9E-C7DC-3C2F-B5A3-F334A3962807}.Release|x64.ActiveCfg = Release|x64
		{5BB98F9E-C7DC-3C2F-B5A3-F334A3962807}.Release|x64.Build.0 = Release|x64
		{5BB98F9E-C7DC-3C2F-B5A3-F334A3962807}.MinSizeRel|x64.ActiveCfg = MinSizeRel|x64
		{5BB98F9E-C7DC-3C2F-B5A3-F334A3962807}.MinSizeRel|x64.Build.0 = MinSizeRel|x64
		{5BB98F9E-C7DC-3C2F-B5A3-F334A3962807}.RelWithDebInfo|x64.ActiveCfg = RelWithDebInfo|x64
		{5BB98F9E-C7DC-3C2F-B5A3-F334A3962807}.RelWithDebInfo|x64.Build.0 = RelWithDebInfo|x64
	EndGlobalSection
	GlobalSection(ExtensibilityGlobals) = postSolution
		SolutionGuid = {CDC8C55C-6DB5-3765-A25B-C57AA39695F9}
	EndGlobalSection
	GlobalSection(ExtensibilityAddIns) = postSolution
	EndGlobalSection
EndGlobal
