<?xml version="1.0" encoding="utf-8"?>
<Project ToolsVersion="17.0" xmlns="http://schemas.microsoft.com/developer/msbuild/2003">
  <ItemGroup>
    <ClCompile Include="C:\Users\niels\Documents\GitHub\DSP\software\opdracht3\STUDENT\signaal.cpp">
      <Filter>Source Files</Filter>
    </ClCompile>
  </ItemGroup>
  <ItemGroup>
    <CustomBuild Include="C:\Users\niels\Documents\GitHub\DSP\software\opdracht3\CMakeLists.txt" />
  </ItemGroup>
  <ItemGroup>
    <Object Include="C:\Users\niels\Documents\GitHub\DSP\software\opdracht3\VisualStudio_x64\Opdracht1\DSBKlassen.dir\$(Configuration)\dsbComplex.obj">
      <Filter>Object Libraries</Filter>
    </Object>
    <Object Include="C:\Users\niels\Documents\GitHub\DSP\software\opdracht3\VisualStudio_x64\Opdracht1\DSBKlassen.dir\$(Configuration)\dsbComplexBasis.obj">
      <Filter>Object Libraries</Filter>
    </Object>
  </ItemGroup>
  <ItemGroup>
    <Filter Include="Object Libraries">
      <UniqueIdentifier>{86784729-0DBE-3DC0-8A28-83175E196463}</UniqueIdentifier>
    </Filter>
    <Filter Include="Source Files">
      <UniqueIdentifier>{7231E6F3-EFA8-3FFA-A297-541BD87E1230}</UniqueIdentifier>
    </Filter>
  </ItemGroup>
</Project>
