
Microsoft Visual Studio Solution File, Format Version 12.00
# Visual Studio Version 17
Project("{8BC9CEB8-8B4A-11D0-8D11-00A0C91BC942}") = "ALL_BUILD", "ALL_BUILD.vcxproj", "{2E778889-8607-352F-894F-A48FF4115CE9}"
	ProjectSection(ProjectDependencies) = postProject
		{B2C2BEA6-0682-3F7D-A9E0-634B175E77A3} = {B2C2BEA6-0682-3F7D-A9E0-634B175E77A3}
		{583433FD-62D6-300E-BD9E-CBBA83153CF7} = {583433FD-62D6-300E-BD9E-CBBA83153CF7}
		{3F84306F-8871-3FBE-8813-70101EEC8F69} = {3F84306F-8871-3FBE-8813-70101EEC8F69}
		{55E8634E-C897-3550-A877-045E606A3944} = {55E8634E-C897-3550-A877-045E606A3944}
	EndProjectSection
EndProject
Project("{8BC9CEB8-8B4A-11D0-8D11-00A0C91BC942}") = "DSBKlassen", "opdracht1\DSBKlassen.vcxproj", "{B2C2BEA6-0682-3F7D-A9E0-634B175E77A3}"
	ProjectSection(ProjectDependencies) = postProject
		{3F84306F-8871-3FBE-8813-70101EEC8F69} = {3F84306F-8871-3FBE-8813-70101EEC8F69}
	EndProjectSection
EndProject
Project("{8BC9CEB8-8B4A-11D0-8D11-00A0C91BC942}") = "DSPESEL3", "DSPESEL3.vcxproj", "{583433FD-62D6-300E-BD9E-CBBA83153CF7}"
	ProjectSection(ProjectDependencies) = postProject
		{B2C2BEA6-0682-3F7D-A9E0-634B175E77A3} = {B2C2BEA6-0682-3F7D-A9E0-634B175E77A3}
		{3F84306F-8871-3FBE-8813-70101EEC8F69} = {3F84306F-8871-3FBE-8813-70101EEC8F69}
		{55E8634E-C897-3550-A877-045E606A3944} = {55E8634E-C897-3550-A877-045E606A3944}
	EndProjectSection
EndProject
Project("{8BC9CEB8-8B4A-11D0-8D11-00A0C91BC942}") = "INSTALL", "INSTALL.vcxproj", "{559B4B7B-03C1-3CB9-AE11-DDFA107E64E4}"
	ProjectSection(ProjectDependencies) = postProject
		{2E778889-8607-352F-894F-A48FF4115CE9} = {2E778889-8607-352F-894F-A48FF4115CE9}
		{3F84306F-8871-3FBE-8813-70101EEC8F69} = {3F84306F-8871-3FBE-8813-70101EEC8F69}
	EndProjectSection
EndProject
Project("{8BC9CEB8-8B4A-11D0-8D11-00A0C91BC942}") = "PACKAGE", "PACKAGE.vcxproj", "{616534ED-B3AA-37CA-8D0E-C8970377E91C}"
	ProjectSection(ProjectDependencies) = postProject
		{2E778889-8607-352F-894F-A48FF4115CE9} = {2E778889-8607-352F-894F-A48FF4115CE9}
		{3F84306F-8871-3FBE-8813-70101EEC8F69} = {3F84306F-8871-3FBE-8813-70101EEC8F69}
	EndProjectSection
EndProject
Project("{8BC9CEB8-8B4A-11D0-8D11-00A0C91BC942}") = "ZERO_CHECK", "ZERO_CHECK.vcxproj", "{3F84306F-8871-3FBE-8813-70101EEC8F69}"
	ProjectSection(ProjectDependencies) = postProject
	EndProjectSection
EndProject
Project("{8BC9CEB8-8B4A-11D0-8D11-00A0C91BC942}") = "wxBasis", "wxBasis\wxBasis.vcxproj", "{55E8634E-C897-3550-A877-045E606A3944}"
	ProjectSection(ProjectDependencies) = postProject
		{3F84306F-8871-3FBE-8813-70101EEC8F69} = {3F84306F-8871-3FBE-8813-70101EEC8F69}
	EndProjectSection
EndProject
Global
	GlobalSection(SolutionConfigurationPlatforms) = preSolution
		Debug|x64 = Debug|x64
		Release|x64 = Release|x64
		MinSizeRel|x64 = MinSizeRel|x64
		RelWithDebInfo|x64 = RelWithDebInfo|x64
	EndGlobalSection
	GlobalSection(ProjectConfigurationPlatforms) = postSolution
		{2E778889-8607-352F-894F-A48FF4115CE9}.Debug|x64.ActiveCfg = Debug|x64
		{2E778889-8607-352F-894F-A48FF4115CE9}.Debug|x64.Build.0 = Debug|x64
		{2E778889-8607-352F-894F-A48FF4115CE9}.Release|x64.ActiveCfg = Release|x64
		{2E778889-8607-352F-894F-A48FF4115CE9}.Release|x64.Build.0 = Release|x64
		{2E778889-8607-352F-894F-A48FF4115CE9}.MinSizeRel|x64.ActiveCfg = MinSizeRel|x64
		{2E778889-8607-352F-894F-A48FF4115CE9}.MinSizeRel|x64.Build.0 = MinSizeRel|x64
		{2E778889-8607-352F-894F-A48FF4115CE9}.RelWithDebInfo|x64.ActiveCfg = RelWithDebInfo|x64
		{2E778889-8607-352F-894F-A48FF4115CE9}.RelWithDebInfo|x64.Build.0 = RelWithDebInfo|x64
		{B2C2BEA6-0682-3F7D-A9E0-634B175E77A3}.Debug|x64.ActiveCfg = Debug|x64
		{B2C2BEA6-0682-3F7D-A9E0-634B175E77A3}.Debug|x64.Build.0 = Debug|x64
		{B2C2BEA6-0682-3F7D-A9E0-634B175E77A3}.Release|x64.ActiveCfg = Release|x64
		{B2C2BEA6-0682-3F7D-A9E0-634B175E77A3}.Release|x64.Build.0 = Release|x64
		{B2C2BEA6-0682-3F7D-A9E0-634B175E77A3}.MinSizeRel|x64.ActiveCfg = MinSizeRel|x64
		{B2C2BEA6-0682-3F7D-A9E0-634B175E77A3}.MinSizeRel|x64.Build.0 = MinSizeRel|x64
		{B2C2BEA6-0682-3F7D-A9E0-634B175E77A3}.RelWithDebInfo|x64.ActiveCfg = RelWithDebInfo|x64
		{B2C2BEA6-0682-3F7D-A9E0-634B175E77A3}.RelWithDebInfo|x64.Build.0 = RelWithDebInfo|x64
		{583433FD-62D6-300E-BD9E-CBBA83153CF7}.Debug|x64.ActiveCfg = Debug|x64
		{583433FD-62D6-300E-BD9E-CBBA83153CF7}.Debug|x64.Build.0 = Debug|x64
		{583433FD-62D6-300E-BD9E-CBBA83153CF7}.Release|x64.ActiveCfg = Release|x64
		{583433FD-62D6-300E-BD9E-CBBA83153CF7}.Release|x64.Build.0 = Release|x64
		{583433FD-62D6-300E-BD9E-CBBA83153CF7}.MinSizeRel|x64.ActiveCfg = MinSizeRel|x64
		{583433FD-62D6-300E-BD9E-CBBA83153CF7}.MinSizeRel|x64.Build.0 = MinSizeRel|x64
		{583433FD-62D6-300E-BD9E-CBBA83153CF7}.RelWithDebInfo|x64.ActiveCfg = RelWithDebInfo|x64
		{583433FD-62D6-300E-BD9E-CBBA83153CF7}.RelWithDebInfo|x64.Build.0 = RelWithDebInfo|x64
		{559B4B7B-03C1-3CB9-AE11-DDFA107E64E4}.Debug|x64.ActiveCfg = Debug|x64
		{559B4B7B-03C1-3CB9-AE11-DDFA107E64E4}.Release|x64.ActiveCfg = Release|x64
		{559B4B7B-03C1-3CB9-AE11-DDFA107E64E4}.MinSizeRel|x64.ActiveCfg = MinSizeRel|x64
		{559B4B7B-03C1-3CB9-AE11-DDFA107E64E4}.RelWithDebInfo|x64.ActiveCfg = RelWithDebInfo|x64
		{616534ED-B3AA-37CA-8D0E-C8970377E91C}.Debug|x64.ActiveCfg = Debug|x64
		{616534ED-B3AA-37CA-8D0E-C8970377E91C}.Release|x64.ActiveCfg = Release|x64
		{616534ED-B3AA-37CA-8D0E-C8970377E91C}.MinSizeRel|x64.ActiveCfg = MinSizeRel|x64
		{616534ED-B3AA-37CA-8D0E-C8970377E91C}.RelWithDebInfo|x64.ActiveCfg = RelWithDebInfo|x64
		{3F84306F-8871-3FBE-8813-70101EEC8F69}.Debug|x64.ActiveCfg = Debug|x64
		{3F84306F-8871-3FBE-8813-70101EEC8F69}.Debug|x64.Build.0 = Debug|x64
		{3F84306F-8871-3FBE-8813-70101EEC8F69}.Release|x64.ActiveCfg = Release|x64
		{3F84306F-8871-3FBE-8813-70101EEC8F69}.Release|x64.Build.0 = Release|x64
		{3F84306F-8871-3FBE-8813-70101EEC8F69}.MinSizeRel|x64.ActiveCfg = MinSizeRel|x64
		{3F84306F-8871-3FBE-8813-70101EEC8F69}.MinSizeRel|x64.Build.0 = MinSizeRel|x64
		{3F84306F-8871-3FBE-8813-70101EEC8F69}.RelWithDebInfo|x64.ActiveCfg = RelWithDebInfo|x64
		{3F84306F-8871-3FBE-8813-70101EEC8F69}.RelWithDebInfo|x64.Build.0 = RelWithDebInfo|x64
		{55E8634E-C897-3550-A877-045E606A3944}.Debug|x64.ActiveCfg = Debug|x64
		{55E8634E-C897-3550-A877-045E606A3944}.Debug|x64.Build.0 = Debug|x64
		{55E8634E-C897-3550-A877-045E606A3944}.Release|x64.ActiveCfg = Release|x64
		{55E8634E-C897-3550-A877-045E606A3944}.Release|x64.Build.0 = Release|x64
		{55E8634E-C897-3550-A877-045E606A3944}.MinSizeRel|x64.ActiveCfg = MinSizeRel|x64
		{55E8634E-C897-3550-A877-045E606A3944}.MinSizeRel|x64.Build.0 = MinSizeRel|x64
		{55E8634E-C897-3550-A877-045E606A3944}.RelWithDebInfo|x64.ActiveCfg = RelWithDebInfo|x64
		{55E8634E-C897-3550-A877-045E606A3944}.RelWithDebInfo|x64.Build.0 = RelWithDebInfo|x64
	EndGlobalSection
	GlobalSection(ExtensibilityGlobals) = postSolution
		SolutionGuid = {1F2F2409-F1CC-3CC9-AE69-A57F8EA42E24}
	EndGlobalSection
	GlobalSection(ExtensibilityAddIns) = postSolution
	EndGlobalSection
EndGlobal
