<?xml version="1.0" encoding="utf-8"?>
<Project ToolsVersion="17.0" xmlns="http://schemas.microsoft.com/developer/msbuild/2003">
  <ItemGroup>
    <CustomBuild Include="C:\Users\niels\Documents\Elektrotechniek\Jaar 3\dspl\software\opdracht3\VisualStudio_x64\CMakeFiles\120c3960d3d1f5e7a5a1d3d7b121c827\INSTALL_force.rule">
      <Filter>CMake Rules</Filter>
    </CustomBuild>
  </ItemGroup>
  <ItemGroup>
    <Filter Include="CMake Rules">
      <UniqueIdentifier>{E2198D30-E663-38C8-8F31-3525531E8D1F}</UniqueIdentifier>
    </Filter>
  </ItemGroup>
</Project>
