<?xml version="1.0" encoding="utf-8"?>
<Project ToolsVersion="17.0" xmlns="http://schemas.microsoft.com/developer/msbuild/2003">
  <ItemGroup>
    <CustomBuild Include="C:\Users\niels\Documents\GitHub\DSP\software\opdracht3\VisualStudio_x64\CMakeFiles\84a0ff60dcb906a6bff78aca0ac393cc\INSTALL_force.rule">
      <Filter>CMake Rules</Filter>
    </CustomBuild>
  </ItemGroup>
  <ItemGroup>
    <Filter Include="CMake Rules">
      <UniqueIdentifier>{B868378F-0AD1-3370-9AA6-9B4740F66D83}</UniqueIdentifier>
    </Filter>
  </ItemGroup>
</Project>
